// !$*UTF8*$!
{
	archiveVersion = 1;
	classes = {
	};
	objectVersion = 50;
	objects = {

/* Begin PBXBuildFile section */
		F421F6D82118649500B9FD91 /* AACountDowner.framework in Frameworks */ = {isa = PBXBuildFile; fileRef = F421F6D72118649500B9FD91 /* AACountDowner.framework */; };
		F4C0FFC621182B2C00F9CC93 /* AppDelegate.swift in Sources */ = {isa = PBXBuildFile; fileRef = F4C0FFC521182B2C00F9CC93 /* AppDelegate.swift */; };
		F4C0FFC821182B2C00F9CC93 /* ViewController.swift in Sources */ = {isa = PBXBuildFile; fileRef = F4C0FFC721182B2C00F9CC93 /* ViewController.swift */; };
		F4C0FFCB21182B2C00F9CC93 /* Main.storyboard in Resources */ = {isa = PBXBuildFile; fileRef = F4C0FFC921182B2C00F9CC93 /* Main.storyboard */; };
		F4C0FFCD21182B2C00F9CC93 /* Assets.xcassets in Resources */ = {isa = PBXBuildFile; fileRef = F4C0FFCC21182B2C00F9CC93 /* Assets.xcassets */; };
		F4C0FFD021182B2C00F9CC93 /* LaunchScreen.storyboard in Resources */ = {isa = PBXBuildFile; fileRef = F4C0FFCE21182B2C00F9CC93 /* LaunchScreen.storyboard */; };
/* End PBXBuildFile section */

/* Begin PBXCopyFilesBuildPhase section */
		F421F6CE211862C900B9FD91 /* Embed Frameworks */ = {
			isa = PBXCopyFilesBuildPhase;
			buildActionMask = 2147483647;
			dstPath = "";
			dstSubfolderSpec = 10;
			files = (
			);
			name = "Embed Frameworks";
			runOnlyForDeploymentPostprocessing = 0;
		};
/* End PBXCopyFilesBuildPhase section */

/* Begin PBXFileReference section */
		F421F6D72118649500B9FD91 /* AACountDowner.framework */ = {isa = PBXFileReference; lastKnownFileType = wrapper.framework; path = AACountDowner.framework; sourceTree = "<group>"; };
		F4C0FFC221182B2C00F9CC93 /* AmirFarhadSina.app */ = {isa = PBXFileReference; explicitFileType = wrapper.application; includeInIndex = 0; path = AmirFarhadSina.app; sourceTree = BUILT_PRODUCTS_DIR; };
		F4C0FFC521182B2C00F9CC93 /* AppDelegate.swift */ = {isa = PBXFileReference; lastKnownFileType = sourcecode.swift; path = AppDelegate.swift; sourceTree = "<group>"; };
		F4C0FFC721182B2C00F9CC93 /* ViewController.swift */ = {isa = PBXFileReference; lastKnownFileType = sourcecode.swift; path = ViewController.swift; sourceTree = "<group>"; };
		F4C0FFCA21182B2C00F9CC93 /* Base */ = {isa = PBXFileReference; lastKnownFileType = file.storyboard; name = Base; path = Base.lproj/Main.storyboard; sourceTree = "<group>"; };
		F4C0FFCC21182B2C00F9CC93 /* Assets.xcassets */ = {isa = PBXFileReference; lastKnownFileType = folder.assetcatalog; path = Assets.xcassets; sourceTree = "<group>"; };
		F4C0FFCF21182B2C00F9CC93 /* Base */ = {isa = PBXFileReference; lastKnownFileType = file.storyboard; name = Base; path = Base.lproj/LaunchScreen.storyboard; sourceTree = "<group>"; };
		F4C0FFD121182B2C00F9CC93 /* Info.plist */ = {isa = PBXFileReference; lastKnownFileType = text.plist.xml; path = Info.plist; sourceTree = "<group>"; };
/* End PBXFileReference section */

/* Begin PBXFrameworksBuildPhase section */
		F4C0FFBF21182B2C00F9CC93 /* Frameworks */ = {
			isa = PBXFrameworksBuildPhase;
			buildActionMask = 2147483647;
			files = (
				F421F6D82118649500B9FD91 /* AACountDowner.framework in Frameworks */,
			);
			runOnlyForDeploymentPostprocessing = 0;
		};
/* End PBXFrameworksBuildPhase section */

/* Begin PBXGroup section */
		F4C0FFB921182B2C00F9CC93 = {
			isa = PBXGroup;
			children = (
				F4C0FFC421182B2C00F9CC93 /* AmirFarhadSina */,
				F4C0FFC321182B2C00F9CC93 /* Products */,
				F4C0FFDF21182C5100F9CC93 /* Frameworks */,
			);
			sourceTree = "<group>";
		};
		F4C0FFC321182B2C00F9CC93 /* Products */ = {
			isa = PBXGroup;
			children = (
				F4C0FFC221182B2C00F9CC93 /* AmirFarhadSina.app */,
			);
			name = Products;
			sourceTree = "<group>";
		};
		F4C0FFC421182B2C00F9CC93 /* AmirFarhadSina */ = {
			isa = PBXGroup;
			children = (
				F421F6D72118649500B9FD91 /* AACountDowner.framework */,
				F4C0FFC521182B2C00F9CC93 /* AppDelegate.swift */,
				F4C0FFC721182B2C00F9CC93 /* ViewController.swift */,
				F4C0FFC921182B2C00F9CC93 /* Main.storyboard */,
				F4C0FFCC21182B2C00F9CC93 /* Assets.xcassets */,
				F4C0FFCE21182B2C00F9CC93 /* LaunchScreen.storyboard */,
				F4C0FFD121182B2C00F9CC93 /* Info.plist */,
			);
			path = AmirFarhadSina;
			sourceTree = "<group>";
		};
		F4C0FFDF21182C5100F9CC93 /* Frameworks */ = {
			isa = PBXGroup;
			children = (
			);
			name = Frameworks;
			sourceTree = "<group>";
		};
/* End PBXGroup section */

/* Begin PBXNativeTarget section */
		F4C0FFC121182B2C00F9CC93 /* AmirFarhadSina */ = {
			isa = PBXNativeTarget;
			buildConfigurationList = F4C0FFD421182B2C00F9CC93 /* Build configuration list for PBXNativeTarget "AmirFarhadSina" */;
			buildPhases = (
				F4C0FFBE21182B2C00F9CC93 /* Sources */,
				F4C0FFBF21182B2C00F9CC93 /* Frameworks */,
				F4C0FFC021182B2C00F9CC93 /* Resources */,
				F421F6CE211862C900B9FD91 /* Embed Frameworks */,
			);
			buildRules = (
			);
			dependencies = (
			);
			name = AmirFarhadSina;
			productName = AmirFarhadSina;
			productReference = F4C0FFC221182B2C00F9CC93 /* AmirFarhadSina.app */;
			productType = "com.apple.product-type.application";
		};
/* End PBXNativeTarget section */

/* Begin PBXProject section */
		F4C0FFBA21182B2C00F9CC93 /* Project object */ = {
			isa = PBXProject;
			attributes = {
				LastSwiftUpdateCheck = 0940;
				LastUpgradeCheck = 0940;
				ORGANIZATIONNAME = amir;
				TargetAttributes = {
					F4C0FFC121182B2C00F9CC93 = {
						CreatedOnToolsVersion = 9.4.1;
					};
				};
			};
			buildConfigurationList = F4C0FFBD21182B2C00F9CC93 /* Build configuration list for PBXProject "AmirFarhadSina" */;
			compatibilityVersion = "Xcode 9.3";
			developmentRegion = en;
			hasScannedForEncodings = 0;
			knownRegions = (
				en,
				Base,
			);
			mainGroup = F4C0FFB921182B2C00F9CC93;
			productRefGroup = F4C0FFC321182B2C00F9CC93 /* Products */;
			projectDirPath = "";
			projectRoot = "";
			targets = (
				F4C0FFC121182B2C00F9CC93 /* AmirFarhadSina */,
			);
		};
/* End PBXProject section */

/* Begin PBXResourcesBuildPhase section */
		F4C0FFC021182B2C00F9CC93 /* Resources */ = {
			isa = PBXResourcesBuildPhase;
			buildActionMask = 2147483647;
			files = (
				F4C0FFD021182B2C00F9CC93 /* LaunchScreen.storyboard in Resources */,
				F4C0FFCD21182B2C00F9CC93 /* Assets.xcassets in Resources */,
				F4C0FFCB21182B2C00F9CC93 /* Main.storyboard in Resources */,
			);
			runOnlyForDeploymentPostprocessing = 0;
		};
/* End PBXResourcesBuildPhase section */

/* Begin PBXSourcesBuildPhase section */
		F4C0FFBE21182B2C00F9CC93 /* Sources */ = {
			isa = PBXSourcesBuildPhase;
			buildActionMask = 2147483647;
			files = (
				F4C0FFC821182B2C00F9CC93 /* ViewController.swift in Sources */,
				F4C0FFC621182B2C00F9CC93 /* AppDelegate.swift in Sources */,
			);
			runOnlyForDeploymentPostprocessing = 0;
		};
/* End PBXSourcesBuildPhase section */

/* Begin PBXVariantGroup section */
		F4C0FFC921182B2C00F9CC93 /* Main.storyboard */ = {
			isa = PBXVariantGroup;
			children = (
				F4C0FFCA21182B2C00F9CC93 /* Base */,
			);
			name = Main.storyboard;
			sourceTree = "<group>";
		};
		F4C0FFCE21182B2C00F9CC93 /* LaunchScreen.storyboard */ = {
			isa = PBXVariantGroup;
			children = (
				F4C0FFCF21182B2C00F9CC93 /* Base */,
			);
			name = LaunchScreen.storyboard;
			sourceTree = "<group>";
		};
/* End PBXVariantGroup section */

/* Begin XCBuildConfiguration section */
		F4C0FFD221182B2C00F9CC93 /* Debug */ = {
			isa = XCBuildConfiguration;
			buildSettings = {
				ALWAYS_SEARCH_USER_PATHS = NO;
				CLANG_ANALYZER_NONNULL = YES;
				CLANG_ANALYZER_NUMBER_OBJECT_CONVERSION = YES_AGGRESSIVE;
				CLANG_CXX_LANGUAGE_STANDARD = "gnu++14";
				CLANG_CXX_LIBRARY = "libc++";
				CLANG_ENABLE_MODULES = YES;
				CLANG_ENABLE_OBJC_ARC = YES;
				CLANG_ENABLE_OBJC_WEAK = YES;
				CLANG_WARN_BLOCK_CAPTURE_AUTORELEASING = YES;
				CLANG_WARN_BOOL_CONVERSION = YES;
				CLANG_WARN_COMMA = YES;
				CLANG_WARN_CONSTANT_CONVERSION = YES;
				CLANG_WARN_DEPRECATED_OBJC_IMPLEMENTATIONS = YES;
				CLANG_WARN_DIRECT_OBJC_ISA_USAGE = YES_ERROR;
				CLANG_WARN_DOCUMENTATION_COMMENTS = YES;
				CLANG_WARN_EMPTY_BODY = YES;
				CLANG_WARN_ENUM_CONVERSION = YES;
				CLANG_WARN_INFINITE_RECURSION = YES;
				CLANG_WARN_INT_CONVERSION = YES;
				CLANG_WARN_NON_LITERAL_NULL_CONVERSION = YES;
				CLANG_WARN_OBJC_IMPLICIT_RETAIN_SELF = YES;
				CLANG_WARN_OBJC_LITERAL_CONVERSION = YES;
				CLANG_WARN_OBJC_ROOT_CLASS = YES_ERROR;
				CLANG_WARN_RANGE_LOOP_ANALYSIS = YES;
				CLANG_WARN_STRICT_PROTOTYPES = YES;
				CLANG_WARN_SUSPICIOUS_MOVE = YES;
				CLANG_WARN_UNGUARDED_AVAILABILITY = YES_AGGRESSIVE;
				CLANG_WARN_UNREACHABLE_CODE = YES;
				CLANG_WARN__DUPLICATE_METHOD_MATCH = YES;
				CODE_SIGN_IDENTITY = "iPhone Developer";
				COPY_PHASE_STRIP = NO;
				DEBUG_INFORMATION_FORMAT = dwarf;
				ENABLE_STRICT_OBJC_MSGSEND = YES;
				ENABLE_TESTABILITY = YES;
				GCC_C_LANGUAGE_STANDARD = gnu11;
				GCC_DYNAMIC_NO_PIC = NO;
				GCC_NO_COMMON_BLOCKS = YES;
				GCC_OPTIMIZATION_LEVEL = 0;
				GCC_PREPROCESSOR_DEFINITIONS = (
					"DEBUG=1",
					"$(inherited)",
				);
				GCC_WARN_64_TO_32_BIT_CONVERSION = YES;
				GCC_WARN_ABOUT_RETURN_TYPE = YES_ERROR;
				GCC_WARN_UNDECLARED_SELECTOR = YES;
				GCC_WARN_UNINITIALIZED_AUTOS = YES_AGGRESSIVE;
				GCC_WARN_UNUSED_FUNCTION = YES;
				GCC_WARN_UNUSED_VARIABLE = YES;
				IPHONEOS_DEPLOYMENT_TARGET = 11.4;
				MTL_ENABLE_DEBUG_INFO = YES;
				ONLY_ACTIVE_ARCH = YES;
				SDKROOT = iphoneos;
				SWIFT_ACTIVE_COMPILATION_CONDITIONS = DEBUG;
				SWIFT_OPTIMIZATION_LEVEL = "-Onone";
			};
			name = Debug;
		};
		F4C0FFD321182B2C00F9CC93 /* Release */ = {
			isa = XCBuildConfiguration;
			buildSettings = {
				ALWAYS_SEARCH_USER_PATHS = NO;
				CLANG_ANALYZER_NONNULL = YES;
				CLANG_ANALYZER_NUMBER_OBJECT_CONVERSION = YES_AGGRESSIVE;
				CLANG_CXX_LANGUAGE_STANDARD = "gnu++14";
				CLANG_CXX_LIBRARY = "libc++";
				CLANG_ENABLE_MODULES = YES;
				CLANG_ENABLE_OBJC_ARC = YES;
				CLANG_ENABLE_OBJC_WEAK = YES;
				CLANG_WARN_BLOCK_CAPTURE_AUTORELEASING = YES;
				CLANG_WARN_BOOL_CONVERSION = YES;
				CLANG_WARN_COMMA = YES;
				CLANG_WARN_CONSTANT_CONVERSION = YES;
				CLANG_WARN_DEPRECATED_OBJC_IMPLEMENTATIONS = YES;
				CLANG_WARN_DIRECT_OBJC_ISA_USAGE = YES_ERROR;
				CLANG_WARN_DOCUMENTATION_COMMENTS = YES;
				CLANG_WARN_EMPTY_BODY = YES;
				CLANG_WARN_ENUM_CONVERSION = YES;
				CLANG_WARN_INFINITE_RECURSION = YES;
				CLANG_WARN_INT_CONVERSION = YES;
				CLANG_WARN_NON_LITERAL_NULL_CONVERSION = YES;
				CLANG_WARN_OBJC_IMPLICIT_RETAIN_SELF = YES;
				CLANG_WARN_OBJC_LITERAL_CONVERSION = YES;
				CLANG_WARN_OBJC_ROOT_CLASS = YES_ERROR;
				CLANG_WARN_RANGE_LOOP_ANALYSIS = YES;
				CLANG_WARN_STRICT_PROTOTYPES = YES;
				CLANG_WARN_SUSPICIOUS_MOVE = YES;
				CLANG_WARN_UNGUARDED_AVAILABILITY = YES_AGGRESSIVE;
				CLANG_WARN_UNREACHABLE_CODE = YES;
				CLANG_WARN__DUPLICATE_METHOD_MATCH = YES;
				CODE_SIGN_IDENTITY = "iPhone Developer";
				COPY_PHASE_STRIP = NO;
				DEBUG_INFORMATION_FORMAT = "dwarf-with-dsym";
				ENABLE_NS_ASSERTIONS = NO;
				ENABLE_STRICT_OBJC_MSGSEND = YES;
				GCC_C_LANGUAGE_STANDARD = gnu11;
				GCC_NO_COMMON_BLOCKS = YES;
				GCC_WARN_64_TO_32_BIT_CONVERSION = YES;
				GCC_WARN_ABOUT_RETURN_TYPE = YES_ERROR;
				GCC_WARN_UNDECLARED_SELECTOR = YES;
				GCC_WARN_UNINITIALIZED_AUTOS = YES_AGGRESSIVE;
				GCC_WARN_UNUSED_FUNCTION = YES;
				GCC_WARN_UNUSED_VARIABLE = YES;
				IPHONEOS_DEPLOYMENT_TARGET = 11.4;
				MTL_ENABLE_DEBUG_INFO = NO;
				SDKROOT = iphoneos;
				SWIFT_COMPILATION_MODE = wholemodule;
				SWIFT_OPTIMIZATION_LEVEL = "-O";
				VALIDATE_PRODUCT = YES;
			};
			name = Release;
		};
		F4C0FFD521182B2C00F9CC93 /* Debug */ = {
			isa = XCBuildConfiguration;
			buildSettings = {
				ASSETCATALOG_COMPILER_APPICON_NAME = AppIcon;
				CODE_SIGN_STYLE = Automatic;
				DEVELOPMENT_TEAM = BD96G75XR8;
				FRAMEWORK_SEARCH_PATHS = (
					"$(inherited)",
					"$(PROJECT_DIR)",
					"$(SRCROOT)",
					"$(PROJECT_DIR)/AmirFarhadSina",
				);
				INFOPLIST_FILE = AmirFarhadSina/Info.plist;
				LD_RUNPATH_SEARCH_PATHS = (
					"$(inherited)",
					"@executable_path/Frameworks",
				);
				PRODUCT_BUNDLE_IDENTIFIER = ardalani.amir.AmirFarhadSina;
				PRODUCT_NAME = "$(TARGET_NAME)";
				SWIFT_VERSION = 4.0;
				TARGETED_DEVICE_FAMILY = "1,2";
			};
			name = Debug;
		};
		F4C0FFD621182B2C00F9CC93 /* Release */ = {
			isa = XCBuildConfiguration;
			buildSettings = {
				ASSETCATALOG_COMPILER_APPICON_NAME = AppIcon;
				CODE_SIGN_STYLE = Automatic;
				DEVELOPMENT_TEAM = BD96G75XR8;
				FRAMEWORK_SEARCH_PATHS = (
					"$(inherited)",
					"$(PROJECT_DIR)",
					"$(SRCROOT)",
					"$(PROJECT_DIR)/AmirFarhadSina",
				);
				INFOPLIST_FILE = AmirFarhadSina/Info.plist;
				LD_RUNPATH_SEARCH_PATHS = (
					"$(inherited)",
					"@executable_path/Frameworks",
				);
				PRODUCT_BUNDLE_IDENTIFIER = ardalani.amir.AmirFarhadSina;
				PRODUCT_NAME = "$(TARGET_NAME)";
				SWIFT_VERSION = 4.0;
				TARGETED_DEVICE_FAMILY = "1,2";
			};
			name = Release;
		};
/* End XCBuildConfiguration section */

/* Begin XCConfigurationList section */
		F4C0FFBD21182B2C00F9CC93 /* Build configuration list for PBXProject "AmirFarhadSina" */ = {
			isa = XCConfigurationList;
			buildConfigurations = (
				F4C0FFD221182B2C00F9CC93 /* Debug */,
				F4C0FFD321182B2C00F9CC93 /* Release */,
			);
			defaultConfigurationIsVisible = 0;
			defaultConfigurationName = Release;
		};
		F4C0FFD421182B2C00F9CC93 /* Build configuration list for PBXNativeTarget "AmirFarhadSina" */ = {
			isa = XCConfigurationList;
			buildConfigurations = (
				F4C0FFD521182B2C00F9CC93 /* Debug */,
				F4C0FFD621182B2C00F9CC93 /* Release */,
			);
			defaultConfigurationIsVisible = 0;
			defaultConfigurationName = Release;
		};
/* End XCConfigurationList section */
	};
	rootObject = F4C0FFBA21182B2C00F9CC93 /* Project object */;
}
